
Microsoft Visual Studio Solution File, Format Version 12.00
# Visual Studio Version 16
VisualStudioVersion = 16.0.31605.320
MinimumVisualStudioVersion = 10.0.40219.1
Project("{FAE04EC0-301F-11D3-BF4B-00C04F79EFBC}") = "exercicio70810", "exercicio70810\exercicio70810.csproj", "{CAB68559-7070-49BE-884D-57AB9B86E84D}"
EndProject
Global
	GlobalSection(SolutionConfigurationPlatforms) = preSolution
		Debug|Any CPU = Debug|Any CPU
		Release|Any CPU = Release|Any CPU
	EndGlobalSection
	GlobalSection(ProjectConfigurationPlatforms) = postSolution
		{CAB68559-7070-49BE-884D-57AB9B86E84D}.Debug|Any CPU.ActiveCfg = Debug|Any CPU
		{CAB68559-7070-49BE-884D-57AB9B86E84D}.Debug|Any CPU.Build.0 = Debug|Any CPU
		{CAB68559-7070-49BE-884D-57AB9B86E84D}.Release|Any CPU.ActiveCfg = Release|Any CPU
		{CAB68559-7070-49BE-884D-57AB9B86E84D}.Release|Any CPU.Build.0 = Release|Any CPU
	EndGlobalSection
	GlobalSection(SolutionProperties) = preSolution
		HideSolutionNode = FALSE
	EndGlobalSection
	GlobalSection(ExtensibilityGlobals) = postSolution
		SolutionGuid = {4EF29759-F126-4798-AD9D-23AB1B384ACC}
	EndGlobalSection
EndGlobal
